
Microsoft Visual Studio Solution File, Format Version 12.00
# Visual Studio 15
VisualStudioVersion = 15.0.27130.2024
MinimumVisualStudioVersion = 10.0.40219.1
Project("{FAE04EC0-301F-11D3-BF4B-00C04F79EFBC}") = "EmptyWebApplication", "EmptyWebApplication\EmptyWebApplication.csproj", "{D0549E5F-2E0A-4549-9C66-21FB33E6046B}"
EndProject
Global
	GlobalSection(SolutionConfigurationPlatforms) = preSolution
		Debug|Any CPU = Debug|Any CPU
		Release|Any CPU = Release|Any CPU
	EndGlobalSection
	GlobalSection(ProjectConfigurationPlatforms) = postSolution
		{D0549E5F-2E0A-4549-9C66-21FB33E6046B}.Debug|Any CPU.ActiveCfg = Debug|Any CPU
		{D0549E5F-2E0A-4549-9C66-21FB33E6046B}.Debug|Any CPU.Build.0 = Debug|Any CPU
		{D0549E5F-2E0A-4549-9C66-21FB33E6046B}.Release|Any CPU.ActiveCfg = Release|Any CPU
		{D0549E5F-2E0A-4549-9C66-21FB33E6046B}.Release|Any CPU.Build.0 = Release|Any CPU
	EndGlobalSection
	GlobalSection(SolutionProperties) = preSolution
		HideSolutionNode = FALSE
	EndGlobalSection
	GlobalSection(ExtensibilityGlobals) = postSolution
		SolutionGuid = {523C11E3-4DA5-4FF7-928F-20BCF544692B}
	EndGlobalSection
EndGlobal
